// !$*UTF8*$!
{
	archiveVersion = 1;
	classes = {
	};
	objectVersion = 55;
	objects = {

/* Begin PBXBuildFile section */
		0D41C0D8BEBC462F4379BA4A /* Pods_ContactsTests.framework in Frameworks */ = {isa = PBXBuildFile; fileRef = CC455EA73784212A718F4E89 /* Pods_ContactsTests.framework */; };
		11F0CCE24B9EADB1DA5812D1 /* Pods_Contacts.framework in Frameworks */ = {isa = PBXBuildFile; fileRef = E00FD3081F22681B27A7FE87 /* Pods_Contacts.framework */; };
		89D20B63F2B90B5864B222FF /* Pods_Contacts_ContactsUITests.framework in Frameworks */ = {isa = PBXBuildFile; fileRef = 439CE52ECB00B9476EB14C52 /* Pods_Contacts_ContactsUITests.framework */; };
		BA8E6D072B297DEF00A67844 /* AppDelegate.swift in Sources */ = {isa = PBXBuildFile; fileRef = BA8E6D062B297DEF00A67844 /* AppDelegate.swift */; };
		BA8E6D092B297DEF00A67844 /* SceneDelegate.swift in Sources */ = {isa = PBXBuildFile; fileRef = BA8E6D082B297DEF00A67844 /* SceneDelegate.swift */; };
		BA8E6D0B2B297DEF00A67844 /* ViewController.swift in Sources */ = {isa = PBXBuildFile; fileRef = BA8E6D0A2B297DEF00A67844 /* ViewController.swift */; };
		BA8E6D0E2B297DEF00A67844 /* Main.storyboard in Resources */ = {isa = PBXBuildFile; fileRef = BA8E6D0C2B297DEF00A67844 /* Main.storyboard */; };
		BA8E6D102B297DF100A67844 /* Assets.xcassets in Resources */ = {isa = PBXBuildFile; fileRef = BA8E6D0F2B297DF100A67844 /* Assets.xcassets */; };
		BA8E6D132B297DF100A67844 /* LaunchScreen.storyboard in Resources */ = {isa = PBXBuildFile; fileRef = BA8E6D112B297DF100A67844 /* LaunchScreen.storyboard */; };
		BA8E6D1E2B297DF100A67844 /* ContactsTests.swift in Sources */ = {isa = PBXBuildFile; fileRef = BA8E6D1D2B297DF100A67844 /* ContactsTests.swift */; };
		BA8E6D282B297DF100A67844 /* ContactsUITests.swift in Sources */ = {isa = PBXBuildFile; fileRef = BA8E6D272B297DF100A67844 /* ContactsUITests.swift */; };
		BA8E6D2A2B297DF100A67844 /* ContactsUITestsLaunchTests.swift in Sources */ = {isa = PBXBuildFile; fileRef = BA8E6D292B297DF100A67844 /* ContactsUITestsLaunchTests.swift */; };
		BA8E6D402B29B48A00A67844 /* ContactsClient.swift in Sources */ = {isa = PBXBuildFile; fileRef = BA8E6D3F2B29B48A00A67844 /* ContactsClient.swift */; };
		BA8E6D412B29B48A00A67844 /* ContactsClient.swift in Sources */ = {isa = PBXBuildFile; fileRef = BA8E6D3F2B29B48A00A67844 /* ContactsClient.swift */; };
		BA8E6D432B29C23300A67844 /* CustomTableViewCell.swift in Sources */ = {isa = PBXBuildFile; fileRef = BA8E6D422B29C23300A67844 /* CustomTableViewCell.swift */; };
		BA8E6D442B29C23300A67844 /* CustomTableViewCell.swift in Sources */ = {isa = PBXBuildFile; fileRef = BA8E6D422B29C23300A67844 /* CustomTableViewCell.swift */; };
		BA8E6D462B29EBB200A67844 /* DetailsViewController.swift in Sources */ = {isa = PBXBuildFile; fileRef = BA8E6D452B29EBB200A67844 /* DetailsViewController.swift */; };
		BA8E6D472B29EBB200A67844 /* DetailsViewController.swift in Sources */ = {isa = PBXBuildFile; fileRef = BA8E6D452B29EBB200A67844 /* DetailsViewController.swift */; };
		BA8E6D492B2A1F8100A67844 /* ContactsModel.swift in Sources */ = {isa = PBXBuildFile; fileRef = BA8E6D482B2A1F8100A67844 /* ContactsModel.swift */; };
		BA8E6D4A2B2A1F8100A67844 /* ContactsModel.swift in Sources */ = {isa = PBXBuildFile; fileRef = BA8E6D482B2A1F8100A67844 /* ContactsModel.swift */; };
		BA8E6D4C2B2CA6E600A67844 /* ContactsCache.swift in Sources */ = {isa = PBXBuildFile; fileRef = BA8E6D4B2B2CA6E600A67844 /* ContactsCache.swift */; };
		BA8E6D4D2B2CA6E600A67844 /* ContactsCache.swift in Sources */ = {isa = PBXBuildFile; fileRef = BA8E6D4B2B2CA6E600A67844 /* ContactsCache.swift */; };
/* End PBXBuildFile section */

/* Begin PBXContainerItemProxy section */
		BA8E6D1A2B297DF100A67844 /* PBXContainerItemProxy */ = {
			isa = PBXContainerItemProxy;
			containerPortal = BA8E6CFB2B297DEF00A67844 /* Project object */;
			proxyType = 1;
			remoteGlobalIDString = BA8E6D022B297DEF00A67844;
			remoteInfo = Contacts;
		};
		BA8E6D242B297DF100A67844 /* PBXContainerItemProxy */ = {
			isa = PBXContainerItemProxy;
			containerPortal = BA8E6CFB2B297DEF00A67844 /* Project object */;
			proxyType = 1;
			remoteGlobalIDString = BA8E6D022B297DEF00A67844;
			remoteInfo = Contacts;
		};
/* End PBXContainerItemProxy section */

/* Begin PBXFileReference section */
		092B50B65B8650794EE31999 /* Pods-ContactsTests.debug.xcconfig */ = {isa = PBXFileReference; includeInIndex = 1; lastKnownFileType = text.xcconfig; name = "Pods-ContactsTests.debug.xcconfig"; path = "Target Support Files/Pods-ContactsTests/Pods-ContactsTests.debug.xcconfig"; sourceTree = "<group>"; };
		439CE52ECB00B9476EB14C52 /* Pods_Contacts_ContactsUITests.framework */ = {isa = PBXFileReference; explicitFileType = wrapper.framework; includeInIndex = 0; path = Pods_Contacts_ContactsUITests.framework; sourceTree = BUILT_PRODUCTS_DIR; };
		51D6AE81E71E8717666072D5 /* Pods-ContactsTests.release.xcconfig */ = {isa = PBXFileReference; includeInIndex = 1; lastKnownFileType = text.xcconfig; name = "Pods-ContactsTests.release.xcconfig"; path = "Target Support Files/Pods-ContactsTests/Pods-ContactsTests.release.xcconfig"; sourceTree = "<group>"; };
		9D30A788AABE03E57672EB02 /* Pods-Contacts-ContactsUITests.debug.xcconfig */ = {isa = PBXFileReference; includeInIndex = 1; lastKnownFileType = text.xcconfig; name = "Pods-Contacts-ContactsUITests.debug.xcconfig"; path = "Target Support Files/Pods-Contacts-ContactsUITests/Pods-Contacts-ContactsUITests.debug.xcconfig"; sourceTree = "<group>"; };
		A4AE127524DC399205227A85 /* Pods-Contacts-ContactsUITests.release.xcconfig */ = {isa = PBXFileReference; includeInIndex = 1; lastKnownFileType = text.xcconfig; name = "Pods-Contacts-ContactsUITests.release.xcconfig"; path = "Target Support Files/Pods-Contacts-ContactsUITests/Pods-Contacts-ContactsUITests.release.xcconfig"; sourceTree = "<group>"; };
		BA8E6D032B297DEF00A67844 /* Contacts.app */ = {isa = PBXFileReference; explicitFileType = wrapper.application; includeInIndex = 0; path = Contacts.app; sourceTree = BUILT_PRODUCTS_DIR; };
		BA8E6D062B297DEF00A67844 /* AppDelegate.swift */ = {isa = PBXFileReference; lastKnownFileType = sourcecode.swift; path = AppDelegate.swift; sourceTree = "<group>"; };
		BA8E6D082B297DEF00A67844 /* SceneDelegate.swift */ = {isa = PBXFileReference; lastKnownFileType = sourcecode.swift; path = SceneDelegate.swift; sourceTree = "<group>"; };
		BA8E6D0A2B297DEF00A67844 /* ViewController.swift */ = {isa = PBXFileReference; lastKnownFileType = sourcecode.swift; path = ViewController.swift; sourceTree = "<group>"; };
		BA8E6D0D2B297DEF00A67844 /* Base */ = {isa = PBXFileReference; lastKnownFileType = file.storyboard; name = Base; path = Base.lproj/Main.storyboard; sourceTree = "<group>"; };
		BA8E6D0F2B297DF100A67844 /* Assets.xcassets */ = {isa = PBXFileReference; lastKnownFileType = folder.assetcatalog; path = Assets.xcassets; sourceTree = "<group>"; };
		BA8E6D122B297DF100A67844 /* Base */ = {isa = PBXFileReference; lastKnownFileType = file.storyboard; name = Base; path = Base.lproj/LaunchScreen.storyboard; sourceTree = "<group>"; };
		BA8E6D142B297DF100A67844 /* Info.plist */ = {isa = PBXFileReference; lastKnownFileType = text.plist.xml; path = Info.plist; sourceTree = "<group>"; };
		BA8E6D192B297DF100A67844 /* ContactsTests.xctest */ = {isa = PBXFileReference; explicitFileType = wrapper.cfbundle; includeInIndex = 0; path = ContactsTests.xctest; sourceTree = BUILT_PRODUCTS_DIR; };
		BA8E6D1D2B297DF100A67844 /* ContactsTests.swift */ = {isa = PBXFileReference; lastKnownFileType = sourcecode.swift; path = ContactsTests.swift; sourceTree = "<group>"; };
		BA8E6D232B297DF100A67844 /* ContactsUITests.xctest */ = {isa = PBXFileReference; explicitFileType = wrapper.cfbundle; includeInIndex = 0; path = ContactsUITests.xctest; sourceTree = BUILT_PRODUCTS_DIR; };
		BA8E6D272B297DF100A67844 /* ContactsUITests.swift */ = {isa = PBXFileReference; lastKnownFileType = sourcecode.swift; path = ContactsUITests.swift; sourceTree = "<group>"; };
		BA8E6D292B297DF100A67844 /* ContactsUITestsLaunchTests.swift */ = {isa = PBXFileReference; lastKnownFileType = sourcecode.swift; path = ContactsUITestsLaunchTests.swift; sourceTree = "<group>"; };
		BA8E6D3F2B29B48A00A67844 /* ContactsClient.swift */ = {isa = PBXFileReference; lastKnownFileType = sourcecode.swift; path = ContactsClient.swift; sourceTree = "<group>"; };
		BA8E6D422B29C23300A67844 /* CustomTableViewCell.swift */ = {isa = PBXFileReference; lastKnownFileType = sourcecode.swift; path = CustomTableViewCell.swift; sourceTree = "<group>"; };
		BA8E6D452B29EBB200A67844 /* DetailsViewController.swift */ = {isa = PBXFileReference; lastKnownFileType = sourcecode.swift; path = DetailsViewController.swift; sourceTree = "<group>"; };
		BA8E6D482B2A1F8100A67844 /* ContactsModel.swift */ = {isa = PBXFileReference; lastKnownFileType = sourcecode.swift; path = ContactsModel.swift; sourceTree = "<group>"; };
		BA8E6D4B2B2CA6E600A67844 /* ContactsCache.swift */ = {isa = PBXFileReference; lastKnownFileType = sourcecode.swift; path = ContactsCache.swift; sourceTree = "<group>"; };
		CC455EA73784212A718F4E89 /* Pods_ContactsTests.framework */ = {isa = PBXFileReference; explicitFileType = wrapper.framework; includeInIndex = 0; path = Pods_ContactsTests.framework; sourceTree = BUILT_PRODUCTS_DIR; };
		CF6FC4904DC450B17AA30520 /* Pods-Contacts.debug.xcconfig */ = {isa = PBXFileReference; includeInIndex = 1; lastKnownFileType = text.xcconfig; name = "Pods-Contacts.debug.xcconfig"; path = "Target Support Files/Pods-Contacts/Pods-Contacts.debug.xcconfig"; sourceTree = "<group>"; };
		E00FD3081F22681B27A7FE87 /* Pods_Contacts.framework */ = {isa = PBXFileReference; explicitFileType = wrapper.framework; includeInIndex = 0; path = Pods_Contacts.framework; sourceTree = BUILT_PRODUCTS_DIR; };
		E6B3E77703B92EAA6E19E38D /* Pods-Contacts.release.xcconfig */ = {isa = PBXFileReference; includeInIndex = 1; lastKnownFileType = text.xcconfig; name = "Pods-Contacts.release.xcconfig"; path = "Target Support Files/Pods-Contacts/Pods-Contacts.release.xcconfig"; sourceTree = "<group>"; };
/* End PBXFileReference section */

/* Begin PBXFrameworksBuildPhase section */
		BA8E6D002B297DEF00A67844 /* Frameworks */ = {
			isa = PBXFrameworksBuildPhase;
			buildActionMask = 2147483647;
			files = (
				11F0CCE24B9EADB1DA5812D1 /* Pods_Contacts.framework in Frameworks */,
			);
			runOnlyForDeploymentPostprocessing = 0;
		};
		BA8E6D162B297DF100A67844 /* Frameworks */ = {
			isa = PBXFrameworksBuildPhase;
			buildActionMask = 2147483647;
			files = (
				0D41C0D8BEBC462F4379BA4A /* Pods_ContactsTests.framework in Frameworks */,
			);
			runOnlyForDeploymentPostprocessing = 0;
		};
		BA8E6D202B297DF100A67844 /* Frameworks */ = {
			isa = PBXFrameworksBuildPhase;
			buildActionMask = 2147483647;
			files = (
				89D20B63F2B90B5864B222FF /* Pods_Contacts_ContactsUITests.framework in Frameworks */,
			);
			runOnlyForDeploymentPostprocessing = 0;
		};
/* End PBXFrameworksBuildPhase section */

/* Begin PBXGroup section */
		7A0342F28292E64067820A21 /* Frameworks */ = {
			isa = PBXGroup;
			children = (
				E00FD3081F22681B27A7FE87 /* Pods_Contacts.framework */,
				439CE52ECB00B9476EB14C52 /* Pods_Contacts_ContactsUITests.framework */,
				CC455EA73784212A718F4E89 /* Pods_ContactsTests.framework */,
			);
			name = Frameworks;
			sourceTree = "<group>";
		};
		A76098F8A575192E3BCF861E /* Pods */ = {
			isa = PBXGroup;
			children = (
				CF6FC4904DC450B17AA30520 /* Pods-Contacts.debug.xcconfig */,
				E6B3E77703B92EAA6E19E38D /* Pods-Contacts.release.xcconfig */,
				9D30A788AABE03E57672EB02 /* Pods-Contacts-ContactsUITests.debug.xcconfig */,
				A4AE127524DC399205227A85 /* Pods-Contacts-ContactsUITests.release.xcconfig */,
				092B50B65B8650794EE31999 /* Pods-ContactsTests.debug.xcconfig */,
				51D6AE81E71E8717666072D5 /* Pods-ContactsTests.release.xcconfig */,
			);
			path = Pods;
			sourceTree = "<group>";
		};
		BA8E6CFA2B297DEF00A67844 = {
			isa = PBXGroup;
			children = (
				BA8E6D052B297DEF00A67844 /* Contacts */,
				BA8E6D1C2B297DF100A67844 /* ContactsTests */,
				BA8E6D262B297DF100A67844 /* ContactsUITests */,
				BA8E6D042B297DEF00A67844 /* Products */,
				A76098F8A575192E3BCF861E /* Pods */,
				7A0342F28292E64067820A21 /* Frameworks */,
			);
			sourceTree = "<group>";
		};
		BA8E6D042B297DEF00A67844 /* Products */ = {
			isa = PBXGroup;
			children = (
				BA8E6D032B297DEF00A67844 /* Contacts.app */,
				BA8E6D192B297DF100A67844 /* ContactsTests.xctest */,
				BA8E6D232B297DF100A67844 /* ContactsUITests.xctest */,
			);
			name = Products;
			sourceTree = "<group>";
		};
		BA8E6D052B297DEF00A67844 /* Contacts */ = {
			isa = PBXGroup;
			children = (
				BA8E6D062B297DEF00A67844 /* AppDelegate.swift */,
				BA8E6D082B297DEF00A67844 /* SceneDelegate.swift */,
				BA8E6D0A2B297DEF00A67844 /* ViewController.swift */,
				BA8E6D3F2B29B48A00A67844 /* ContactsClient.swift */,
				BA8E6D0C2B297DEF00A67844 /* Main.storyboard */,
				BA8E6D452B29EBB200A67844 /* DetailsViewController.swift */,
				BA8E6D482B2A1F8100A67844 /* ContactsModel.swift */,
				BA8E6D422B29C23300A67844 /* CustomTableViewCell.swift */,
				BA8E6D0F2B297DF100A67844 /* Assets.xcassets */,
				BA8E6D112B297DF100A67844 /* LaunchScreen.storyboard */,
				BA8E6D142B297DF100A67844 /* Info.plist */,
				BA8E6D4B2B2CA6E600A67844 /* ContactsCache.swift */,
			);
			path = Contacts;
			sourceTree = "<group>";
		};
		BA8E6D1C2B297DF100A67844 /* ContactsTests */ = {
			isa = PBXGroup;
			children = (
				BA8E6D1D2B297DF100A67844 /* ContactsTests.swift */,
			);
			path = ContactsTests;
			sourceTree = "<group>";
		};
		BA8E6D262B297DF100A67844 /* ContactsUITests */ = {
			isa = PBXGroup;
			children = (
				BA8E6D272B297DF100A67844 /* ContactsUITests.swift */,
				BA8E6D292B297DF100A67844 /* ContactsUITestsLaunchTests.swift */,
			);
			path = ContactsUITests;
			sourceTree = "<group>";
		};
/* End PBXGroup section */

/* Begin PBXNativeTarget section */
		BA8E6D022B297DEF00A67844 /* Contacts */ = {
			isa = PBXNativeTarget;
			buildConfigurationList = BA8E6D2D2B297DF100A67844 /* Build configuration list for PBXNativeTarget "Contacts" */;
			buildPhases = (
				F8F36834EAE7FC2F7014B588 /* [CP] Check Pods Manifest.lock */,
				BA8E6CFF2B297DEF00A67844 /* Sources */,
				BA8E6D002B297DEF00A67844 /* Frameworks */,
				BA8E6D012B297DEF00A67844 /* Resources */,
				0132CD391813E545DB6D975F /* [CP] Embed Pods Frameworks */,
			);
			buildRules = (
			);
			dependencies = (
			);
			name = Contacts;
			productName = Contacts;
			productReference = BA8E6D032B297DEF00A67844 /* Contacts.app */;
			productType = "com.apple.product-type.application";
		};
		BA8E6D182B297DF100A67844 /* ContactsTests */ = {
			isa = PBXNativeTarget;
			buildConfigurationList = BA8E6D302B297DF100A67844 /* Build configuration list for PBXNativeTarget "ContactsTests" */;
			buildPhases = (
				21196A77A3C3552EB2E680F5 /* [CP] Check Pods Manifest.lock */,
				BA8E6D152B297DF100A67844 /* Sources */,
				BA8E6D162B297DF100A67844 /* Frameworks */,
				BA8E6D172B297DF100A67844 /* Resources */,
			);
			buildRules = (
			);
			dependencies = (
				BA8E6D1B2B297DF100A67844 /* PBXTargetDependency */,
			);
			name = ContactsTests;
			productName = ContactsTests;
			productReference = BA8E6D192B297DF100A67844 /* ContactsTests.xctest */;
			productType = "com.apple.product-type.bundle.unit-test";
		};
		BA8E6D222B297DF100A67844 /* ContactsUITests */ = {
			isa = PBXNativeTarget;
			buildConfigurationList = BA8E6D332B297DF100A67844 /* Build configuration list for PBXNativeTarget "ContactsUITests" */;
			buildPhases = (
				83408AF5389C76D927B54767 /* [CP] Check Pods Manifest.lock */,
				BA8E6D1F2B297DF100A67844 /* Sources */,
				BA8E6D202B297DF100A67844 /* Frameworks */,
				BA8E6D212B297DF100A67844 /* Resources */,
				8BBA587EE374FEFD8BB8A03D /* [CP] Embed Pods Frameworks */,
			);
			buildRules = (
			);
			dependencies = (
				BA8E6D252B297DF100A67844 /* PBXTargetDependency */,
			);
			name = ContactsUITests;
			productName = ContactsUITests;
			productReference = BA8E6D232B297DF100A67844 /* ContactsUITests.xctest */;
			productType = "com.apple.product-type.bundle.ui-testing";
		};
/* End PBXNativeTarget section */

/* Begin PBXProject section */
		BA8E6CFB2B297DEF00A67844 /* Project object */ = {
			isa = PBXProject;
			attributes = {
				BuildIndependentTargetsInParallel = 1;
				LastSwiftUpdateCheck = 1320;
				LastUpgradeCheck = 1320;
				TargetAttributes = {
					BA8E6D022B297DEF00A67844 = {
						CreatedOnToolsVersion = 13.2.1;
					};
					BA8E6D182B297DF100A67844 = {
						CreatedOnToolsVersion = 13.2.1;
						TestTargetID = BA8E6D022B297DEF00A67844;
					};
					BA8E6D222B297DF100A67844 = {
						CreatedOnToolsVersion = 13.2.1;
						TestTargetID = BA8E6D022B297DEF00A67844;
					};
				};
			};
			buildConfigurationList = BA8E6CFE2B297DEF00A67844 /* Build configuration list for PBXProject "Contacts" */;
			compatibilityVersion = "Xcode 13.0";
			developmentRegion = en;
			hasScannedForEncodings = 0;
			knownRegions = (
				en,
				Base,
			);
			mainGroup = BA8E6CFA2B297DEF00A67844;
			productRefGroup = BA8E6D042B297DEF00A67844 /* Products */;
			projectDirPath = "";
			projectRoot = "";
			targets = (
				BA8E6D022B297DEF00A67844 /* Contacts */,
				BA8E6D182B297DF100A67844 /* ContactsTests */,
				BA8E6D222B297DF100A67844 /* ContactsUITests */,
			);
		};
/* End PBXProject section */

/* Begin PBXResourcesBuildPhase section */
		BA8E6D012B297DEF00A67844 /* Resources */ = {
			isa = PBXResourcesBuildPhase;
			buildActionMask = 2147483647;
			files = (
				BA8E6D132B297DF100A67844 /* LaunchScreen.storyboard in Resources */,
				BA8E6D102B297DF100A67844 /* Assets.xcassets in Resources */,
				BA8E6D0E2B297DEF00A67844 /* Main.storyboard in Resources */,
			);
			runOnlyForDeploymentPostprocessing = 0;
		};
		BA8E6D172B297DF100A67844 /* Resources */ = {
			isa = PBXResourcesBuildPhase;
			buildActionMask = 2147483647;
			files = (
			);
			runOnlyForDeploymentPostprocessing = 0;
		};
		BA8E6D212B297DF100A67844 /* Resources */ = {
			isa = PBXResourcesBuildPhase;
			buildActionMask = 2147483647;
			files = (
			);
			runOnlyForDeploymentPostprocessing = 0;
		};
/* End PBXResourcesBuildPhase section */

/* Begin PBXShellScriptBuildPhase section */
		0132CD391813E545DB6D975F /* [CP] Embed Pods Frameworks */ = {
			isa = PBXShellScriptBuildPhase;
			buildActionMask = 2147483647;
			files = (
			);
			inputFileListPaths = (
				"${PODS_ROOT}/Target Support Files/Pods-Contacts/Pods-Contacts-frameworks-${CONFIGURATION}-input-files.xcfilelist",
			);
			name = "[CP] Embed Pods Frameworks";
			outputFileListPaths = (
				"${PODS_ROOT}/Target Support Files/Pods-Contacts/Pods-Contacts-frameworks-${CONFIGURATION}-output-files.xcfilelist",
			);
			runOnlyForDeploymentPostprocessing = 0;
			shellPath = /bin/sh;
			shellScript = "\"${PODS_ROOT}/Target Support Files/Pods-Contacts/Pods-Contacts-frameworks.sh\"\n";
			showEnvVarsInLog = 0;
		};
		21196A77A3C3552EB2E680F5 /* [CP] Check Pods Manifest.lock */ = {
			isa = PBXShellScriptBuildPhase;
			buildActionMask = 2147483647;
			files = (
			);
			inputFileListPaths = (
			);
			inputPaths = (
				"${PODS_PODFILE_DIR_PATH}/Podfile.lock",
				"${PODS_ROOT}/Manifest.lock",
			);
			name = "[CP] Check Pods Manifest.lock";
			outputFileListPaths = (
			);
			outputPaths = (
				"$(DERIVED_FILE_DIR)/Pods-ContactsTests-checkManifestLockResult.txt",
			);
			runOnlyForDeploymentPostprocessing = 0;
			shellPath = /bin/sh;
			shellScript = "diff \"${PODS_PODFILE_DIR_PATH}/Podfile.lock\" \"${PODS_ROOT}/Manifest.lock\" > /dev/null\nif [ $? != 0 ] ; then\n    # print error to STDERR\n    echo \"error: The sandbox is not in sync with the Podfile.lock. Run 'pod install' or update your CocoaPods installation.\" >&2\n    exit 1\nfi\n# This output is used by Xcode 'outputs' to avoid re-running this script phase.\necho \"SUCCESS\" > \"${SCRIPT_OUTPUT_FILE_0}\"\n";
			showEnvVarsInLog = 0;
		};
		83408AF5389C76D927B54767 /* [CP] Check Pods Manifest.lock */ = {
			isa = PBXShellScriptBuildPhase;
			buildActionMask = 2147483647;
			files = (
			);
			inputFileListPaths = (
			);
			inputPaths = (
				"${PODS_PODFILE_DIR_PATH}/Podfile.lock",
				"${PODS_ROOT}/Manifest.lock",
			);
			name = "[CP] Check Pods Manifest.lock";
			outputFileListPaths = (
			);
			outputPaths = (
				"$(DERIVED_FILE_DIR)/Pods-Contacts-ContactsUITests-checkManifestLockResult.txt",
			);
			runOnlyForDeploymentPostprocessing = 0;
			shellPath = /bin/sh;
			shellScript = "diff \"${PODS_PODFILE_DIR_PATH}/Podfile.lock\" \"${PODS_ROOT}/Manifest.lock\" > /dev/null\nif [ $? != 0 ] ; then\n    # print error to STDERR\n    echo \"error: The sandbox is not in sync with the Podfile.lock. Run 'pod install' or update your CocoaPods installation.\" >&2\n    exit 1\nfi\n# This output is used by Xcode 'outputs' to avoid re-running this script phase.\necho \"SUCCESS\" > \"${SCRIPT_OUTPUT_FILE_0}\"\n";
			showEnvVarsInLog = 0;
		};
		8BBA587EE374FEFD8BB8A03D /* [CP] Embed Pods Frameworks */ = {
			isa = PBXShellScriptBuildPhase;
			buildActionMask = 2147483647;
			files = (
			);
			inputFileListPaths = (
				"${PODS_ROOT}/Target Support Files/Pods-Contacts-ContactsUITests/Pods-Contacts-ContactsUITests-frameworks-${CONFIGURATION}-input-files.xcfilelist",
			);
			name = "[CP] Embed Pods Frameworks";
			outputFileListPaths = (
				"${PODS_ROOT}/Target Support Files/Pods-Contacts-ContactsUITests/Pods-Contacts-ContactsUITests-frameworks-${CONFIGURATION}-output-files.xcfilelist",
			);
			runOnlyForDeploymentPostprocessing = 0;
			shellPath = /bin/sh;
			shellScript = "\"${PODS_ROOT}/Target Support Files/Pods-Contacts-ContactsUITests/Pods-Contacts-ContactsUITests-frameworks.sh\"\n";
			showEnvVarsInLog = 0;
		};
		F8F36834EAE7FC2F7014B588 /* [CP] Check Pods Manifest.lock */ = {
			isa = PBXShellScriptBuildPhase;
			buildActionMask = 2147483647;
			files = (
			);
			inputFileListPaths = (
			);
			inputPaths = (
				"${PODS_PODFILE_DIR_PATH}/Podfile.lock",
				"${PODS_ROOT}/Manifest.lock",
			);
			name = "[CP] Check Pods Manifest.lock";
			outputFileListPaths = (
			);
			outputPaths = (
				"$(DERIVED_FILE_DIR)/Pods-Contacts-checkManifestLockResult.txt",
			);
			runOnlyForDeploymentPostprocessing = 0;
			shellPath = /bin/sh;
			shellScript = "diff \"${PODS_PODFILE_DIR_PATH}/Podfile.lock\" \"${PODS_ROOT}/Manifest.lock\" > /dev/null\nif [ $? != 0 ] ; then\n    # print error to STDERR\n    echo \"error: The sandbox is not in sync with the Podfile.lock. Run 'pod install' or update your CocoaPods installation.\" >&2\n    exit 1\nfi\n# This output is used by Xcode 'outputs' to avoid re-running this script phase.\necho \"SUCCESS\" > \"${SCRIPT_OUTPUT_FILE_0}\"\n";
			showEnvVarsInLog = 0;
		};
/* End PBXShellScriptBuildPhase section */

/* Begin PBXSourcesBuildPhase section */
		BA8E6CFF2B297DEF00A67844 /* Sources */ = {
			isa = PBXSourcesBuildPhase;
			buildActionMask = 2147483647;
			files = (
				BA8E6D402B29B48A00A67844 /* ContactsClient.swift in Sources */,
				BA8E6D0B2B297DEF00A67844 /* ViewController.swift in Sources */,
				BA8E6D072B297DEF00A67844 /* AppDelegate.swift in Sources */,
				BA8E6D462B29EBB200A67844 /* DetailsViewController.swift in Sources */,
				BA8E6D092B297DEF00A67844 /* SceneDelegate.swift in Sources */,
				BA8E6D4C2B2CA6E600A67844 /* ContactsCache.swift in Sources */,
				BA8E6D492B2A1F8100A67844 /* ContactsModel.swift in Sources */,
				BA8E6D432B29C23300A67844 /* CustomTableViewCell.swift in Sources */,
			);
			runOnlyForDeploymentPostprocessing = 0;
		};
		BA8E6D152B297DF100A67844 /* Sources */ = {
			isa = PBXSourcesBuildPhase;
			buildActionMask = 2147483647;
			files = (
				BA8E6D1E2B297DF100A67844 /* ContactsTests.swift in Sources */,
				BA8E6D412B29B48A00A67844 /* ContactsClient.swift in Sources */,
				BA8E6D442B29C23300A67844 /* CustomTableViewCell.swift in Sources */,
				BA8E6D4D2B2CA6E600A67844 /* ContactsCache.swift in Sources */,
				BA8E6D4A2B2A1F8100A67844 /* ContactsModel.swift in Sources */,
				BA8E6D472B29EBB200A67844 /* DetailsViewController.swift in Sources */,
			);
			runOnlyForDeploymentPostprocessing = 0;
		};
		BA8E6D1F2B297DF100A67844 /* Sources */ = {
			isa = PBXSourcesBuildPhase;
			buildActionMask = 2147483647;
			files = (
				BA8E6D2A2B297DF100A67844 /* ContactsUITestsLaunchTests.swift in Sources */,
				BA8E6D282B297DF100A67844 /* ContactsUITests.swift in Sources */,
			);
			runOnlyForDeploymentPostprocessing = 0;
		};
/* End PBXSourcesBuildPhase section */

/* Begin PBXTargetDependency section */
		BA8E6D1B2B297DF100A67844 /* PBXTargetDependency */ = {
			isa = PBXTargetDependency;
			target = BA8E6D022B297DEF00A67844 /* Contacts */;
			targetProxy = BA8E6D1A2B297DF100A67844 /* PBXContainerItemProxy */;
		};
		BA8E6D252B297DF100A67844 /* PBXTargetDependency */ = {
			isa = PBXTargetDependency;
			target = BA8E6D022B297DEF00A67844 /* Contacts */;
			targetProxy = BA8E6D242B297DF100A67844 /* PBXContainerItemProxy */;
		};
/* End PBXTargetDependency section */

/* Begin PBXVariantGroup section */
		BA8E6D0C2B297DEF00A67844 /* Main.storyboard */ = {
			isa = PBXVariantGroup;
			children = (
				BA8E6D0D2B297DEF00A67844 /* Base */,
			);
			name = Main.storyboard;
			sourceTree = "<group>";
		};
		BA8E6D112B297DF100A67844 /* LaunchScreen.storyboard */ = {
			isa = PBXVariantGroup;
			children = (
				BA8E6D122B297DF100A67844 /* Base */,
			);
			name = LaunchScreen.storyboard;
			sourceTree = "<group>";
		};
/* End PBXVariantGroup section */

/* Begin XCBuildConfiguration section */
		BA8E6D2B2B297DF100A67844 /* Debug */ = {
			isa = XCBuildConfiguration;
			buildSettings = {
				ALWAYS_SEARCH_USER_PATHS = NO;
				CLANG_ANALYZER_NONNULL = YES;
				CLANG_ANALYZER_NUMBER_OBJECT_CONVERSION = YES_AGGRESSIVE;
				CLANG_CXX_LANGUAGE_STANDARD = "gnu++17";
				CLANG_CXX_LIBRARY = "libc++";
				CLANG_ENABLE_MODULES = YES;
				CLANG_ENABLE_OBJC_ARC = YES;
				CLANG_ENABLE_OBJC_WEAK = YES;
				CLANG_WARN_BLOCK_CAPTURE_AUTORELEASING = YES;
				CLANG_WARN_BOOL_CONVERSION = YES;
				CLANG_WARN_COMMA = YES;
				CLANG_WARN_CONSTANT_CONVERSION = YES;
				CLANG_WARN_DEPRECATED_OBJC_IMPLEMENTATIONS = YES;
				CLANG_WARN_DIRECT_OBJC_ISA_USAGE = YES_ERROR;
				CLANG_WARN_DOCUMENTATION_COMMENTS = YES;
				CLANG_WARN_EMPTY_BODY = YES;
				CLANG_WARN_ENUM_CONVERSION = YES;
				CLANG_WARN_INFINITE_RECURSION = YES;
				CLANG_WARN_INT_CONVERSION = YES;
				CLANG_WARN_NON_LITERAL_NULL_CONVERSION = YES;
				CLANG_WARN_OBJC_IMPLICIT_RETAIN_SELF = YES;
				CLANG_WARN_OBJC_LITERAL_CONVERSION = YES;
				CLANG_WARN_OBJC_ROOT_CLASS = YES_ERROR;
				CLANG_WARN_QUOTED_INCLUDE_IN_FRAMEWORK_HEADER = YES;
				CLANG_WARN_RANGE_LOOP_ANALYSIS = YES;
				CLANG_WARN_STRICT_PROTOTYPES = YES;
				CLANG_WARN_SUSPICIOUS_MOVE = YES;
				CLANG_WARN_UNGUARDED_AVAILABILITY = YES_AGGRESSIVE;
				CLANG_WARN_UNREACHABLE_CODE = YES;
				CLANG_WARN__DUPLICATE_METHOD_MATCH = YES;
				COPY_PHASE_STRIP = NO;
				DEBUG_INFORMATION_FORMAT = dwarf;
				ENABLE_STRICT_OBJC_MSGSEND = YES;
				ENABLE_TESTABILITY = YES;
				GCC_C_LANGUAGE_STANDARD = gnu11;
				GCC_DYNAMIC_NO_PIC = NO;
				GCC_NO_COMMON_BLOCKS = YES;
				GCC_OPTIMIZATION_LEVEL = 0;
				GCC_PREPROCESSOR_DEFINITIONS = (
					"DEBUG=1",
					"$(inherited)",
				);
				GCC_WARN_64_TO_32_BIT_CONVERSION = YES;
				GCC_WARN_ABOUT_RETURN_TYPE = YES_ERROR;
				GCC_WARN_UNDECLARED_SELECTOR = YES;
				GCC_WARN_UNINITIALIZED_AUTOS = YES_AGGRESSIVE;
				GCC_WARN_UNUSED_FUNCTION = YES;
				GCC_WARN_UNUSED_VARIABLE = YES;
				IPHONEOS_DEPLOYMENT_TARGET = 15.2;
				MTL_ENABLE_DEBUG_INFO = INCLUDE_SOURCE;
				MTL_FAST_MATH = YES;
				ONLY_ACTIVE_ARCH = YES;
				SDKROOT = iphoneos;
				SWIFT_ACTIVE_COMPILATION_CONDITIONS = DEBUG;
				SWIFT_OPTIMIZATION_LEVEL = "-Onone";
			};
			name = Debug;
		};
		BA8E6D2C2B297DF100A67844 /* Release */ = {
			isa = XCBuildConfiguration;
			buildSettings = {
				ALWAYS_SEARCH_USER_PATHS = NO;
				CLANG_ANALYZER_NONNULL = YES;
				CLANG_ANALYZER_NUMBER_OBJECT_CONVERSION = YES_AGGRESSIVE;
				CLANG_CXX_LANGUAGE_STANDARD = "gnu++17";
				CLANG_CXX_LIBRARY = "libc++";
				CLANG_ENABLE_MODULES = YES;
				CLANG_ENABLE_OBJC_ARC = YES;
				CLANG_ENABLE_OBJC_WEAK = YES;
				CLANG_WARN_BLOCK_CAPTURE_AUTORELEASING = YES;
				CLANG_WARN_BOOL_CONVERSION = YES;
				CLANG_WARN_COMMA = YES;
				CLANG_WARN_CONSTANT_CONVERSION = YES;
				CLANG_WARN_DEPRECATED_OBJC_IMPLEMENTATIONS = YES;
				CLANG_WARN_DIRECT_OBJC_ISA_USAGE = YES_ERROR;
				CLANG_WARN_DOCUMENTATION_COMMENTS = YES;
				CLANG_WARN_EMPTY_BODY = YES;
				CLANG_WARN_ENUM_CONVERSION = YES;
				CLANG_WARN_INFINITE_RECURSION = YES;
				CLANG_WARN_INT_CONVERSION = YES;
				CLANG_WARN_NON_LITERAL_NULL_CONVERSION = YES;
				CLANG_WARN_OBJC_IMPLICIT_RETAIN_SELF = YES;
				CLANG_WARN_OBJC_LITERAL_CONVERSION = YES;
				CLANG_WARN_OBJC_ROOT_CLASS = YES_ERROR;
				CLANG_WARN_QUOTED_INCLUDE_IN_FRAMEWORK_HEADER = YES;
				CLANG_WARN_RANGE_LOOP_ANALYSIS = YES;
				CLANG_WARN_STRICT_PROTOTYPES = YES;
				CLANG_WARN_SUSPICIOUS_MOVE = YES;
				CLANG_WARN_UNGUARDED_AVAILABILITY = YES_AGGRESSIVE;
				CLANG_WARN_UNREACHABLE_CODE = YES;
				CLANG_WARN__DUPLICATE_METHOD_MATCH = YES;
				COPY_PHASE_STRIP = NO;
				DEBUG_INFORMATION_FORMAT = "dwarf-with-dsym";
				ENABLE_NS_ASSERTIONS = NO;
				ENABLE_STRICT_OBJC_MSGSEND = YES;
				GCC_C_LANGUAGE_STANDARD = gnu11;
				GCC_NO_COMMON_BLOCKS = YES;
				GCC_WARN_64_TO_32_BIT_CONVERSION = YES;
				GCC_WARN_ABOUT_RETURN_TYPE = YES_ERROR;
				GCC_WARN_UNDECLARED_SELECTOR = YES;
				GCC_WARN_UNINITIALIZED_AUTOS = YES_AGGRESSIVE;
				GCC_WARN_UNUSED_FUNCTION = YES;
				GCC_WARN_UNUSED_VARIABLE = YES;
				IPHONEOS_DEPLOYMENT_TARGET = 15.2;
				MTL_ENABLE_DEBUG_INFO = NO;
				MTL_FAST_MATH = YES;
				SDKROOT = iphoneos;
				SWIFT_COMPILATION_MODE = wholemodule;
				SWIFT_OPTIMIZATION_LEVEL = "-O";
				VALIDATE_PRODUCT = YES;
			};
			name = Release;
		};
		BA8E6D2E2B297DF100A67844 /* Debug */ = {
			isa = XCBuildConfiguration;
			baseConfigurationReference = CF6FC4904DC450B17AA30520 /* Pods-Contacts.debug.xcconfig */;
			buildSettings = {
				ASSETCATALOG_COMPILER_APPICON_NAME = AppIcon;
				ASSETCATALOG_COMPILER_GLOBAL_ACCENT_COLOR_NAME = AccentColor;
				CODE_SIGN_STYLE = Automatic;
				CURRENT_PROJECT_VERSION = 1;
				GENERATE_INFOPLIST_FILE = YES;
				INFOPLIST_FILE = Contacts/Info.plist;
				INFOPLIST_KEY_UIApplicationSupportsIndirectInputEvents = YES;
				INFOPLIST_KEY_UILaunchStoryboardName = LaunchScreen;
				INFOPLIST_KEY_UIMainStoryboardFile = Main;
				INFOPLIST_KEY_UISupportedInterfaceOrientations_iPad = "UIInterfaceOrientationPortrait UIInterfaceOrientationPortraitUpsideDown UIInterfaceOrientationLandscapeLeft UIInterfaceOrientationLandscapeRight";
				INFOPLIST_KEY_UISupportedInterfaceOrientations_iPhone = "UIInterfaceOrientationPortrait UIInterfaceOrientationLandscapeLeft UIInterfaceOrientationLandscapeRight";
				LD_RUNPATH_SEARCH_PATHS = (
					"$(inherited)",
					"@executable_path/Frameworks",
				);
				MARKETING_VERSION = 1.0;
				PRODUCT_BUNDLE_IDENTIFIER = Iulian.Contacts;
				PRODUCT_NAME = "$(TARGET_NAME)";
				SWIFT_EMIT_LOC_STRINGS = YES;
				SWIFT_VERSION = 5.0;
				TARGETED_DEVICE_FAMILY = "1,2";
			};
			name = Debug;
		};
		BA8E6D2F2B297DF100A67844 /* Release */ = {
			isa = XCBuildConfiguration;
			baseConfigurationReference = E6B3E77703B92EAA6E19E38D /* Pods-Contacts.release.xcconfig */;
			buildSettings = {
				ASSETCATALOG_COMPILER_APPICON_NAME = AppIcon;
				ASSETCATALOG_COMPILER_GLOBAL_ACCENT_COLOR_NAME = AccentColor;
				CODE_SIGN_STYLE = Automatic;
				CURRENT_PROJECT_VERSION = 1;
				GENERATE_INFOPLIST_FILE = YES;
				INFOPLIST_FILE = Contacts/Info.plist;
				INFOPLIST_KEY_UIApplicationSupportsIndirectInputEvents = YES;
				INFOPLIST_KEY_UILaunchStoryboardName = LaunchScreen;
				INFOPLIST_KEY_UIMainStoryboardFile = Main;
				INFOPLIST_KEY_UISupportedInterfaceOrientations_iPad = "UIInterfaceOrientationPortrait UIInterfaceOrientationPortraitUpsideDown UIInterfaceOrientationLandscapeLeft UIInterfaceOrientationLandscapeRight";
				INFOPLIST_KEY_UISupportedInterfaceOrientations_iPhone = "UIInterfaceOrientationPortrait UIInterfaceOrientationLandscapeLeft UIInterfaceOrientationLandscapeRight";
				LD_RUNPATH_SEARCH_PATHS = (
					"$(inherited)",
					"@executable_path/Frameworks",
				);
				MARKETING_VERSION = 1.0;
				PRODUCT_BUNDLE_IDENTIFIER = Iulian.Contacts;
				PRODUCT_NAME = "$(TARGET_NAME)";
				SWIFT_EMIT_LOC_STRINGS = YES;
				SWIFT_VERSION = 5.0;
				TARGETED_DEVICE_FAMILY = "1,2";
			};
			name = Release;
		};
		BA8E6D312B297DF100A67844 /* Debug */ = {
			isa = XCBuildConfiguration;
			baseConfigurationReference = 092B50B65B8650794EE31999 /* Pods-ContactsTests.debug.xcconfig */;
			buildSettings = {
				ALWAYS_EMBED_SWIFT_STANDARD_LIBRARIES = YES;
				BUNDLE_LOADER = "$(TEST_HOST)";
				CODE_SIGN_STYLE = Automatic;
				CURRENT_PROJECT_VERSION = 1;
				GENERATE_INFOPLIST_FILE = YES;
				IPHONEOS_DEPLOYMENT_TARGET = 15.2;
				MARKETING_VERSION = 1.0;
				PRODUCT_BUNDLE_IDENTIFIER = Iulian.ContactsTests;
				PRODUCT_NAME = "$(TARGET_NAME)";
				SWIFT_EMIT_LOC_STRINGS = NO;
				SWIFT_VERSION = 5.0;
				TARGETED_DEVICE_FAMILY = "1,2";
				TEST_HOST = "$(BUILT_PRODUCTS_DIR)/Contacts.app/Contacts";
			};
			name = Debug;
		};
		BA8E6D322B297DF100A67844 /* Release */ = {
			isa = XCBuildConfiguration;
			baseConfigurationReference = 51D6AE81E71E8717666072D5 /* Pods-ContactsTests.release.xcconfig */;
			buildSettings = {
				ALWAYS_EMBED_SWIFT_STANDARD_LIBRARIES = YES;
				BUNDLE_LOADER = "$(TEST_HOST)";
				CODE_SIGN_STYLE = Automatic;
				CURRENT_PROJECT_VERSION = 1;
				GENERATE_INFOPLIST_FILE = YES;
				IPHONEOS_DEPLOYMENT_TARGET = 15.2;
				MARKETING_VERSION = 1.0;
				PRODUCT_BUNDLE_IDENTIFIER = Iulian.ContactsTests;
				PRODUCT_NAME = "$(TARGET_NAME)";
				SWIFT_EMIT_LOC_STRINGS = NO;
				SWIFT_VERSION = 5.0;
				TARGETED_DEVICE_FAMILY = "1,2";
				TEST_HOST = "$(BUILT_PRODUCTS_DIR)/Contacts.app/Contacts";
			};
			name = Release;
		};
		BA8E6D342B297DF100A67844 /* Debug */ = {
			isa = XCBuildConfiguration;
			baseConfigurationReference = 9D30A788AABE03E57672EB02 /* Pods-Contacts-ContactsUITests.debug.xcconfig */;
			buildSettings = {
				ALWAYS_EMBED_SWIFT_STANDARD_LIBRARIES = YES;
				CODE_SIGN_STYLE = Automatic;
				CURRENT_PROJECT_VERSION = 1;
				GENERATE_INFOPLIST_FILE = YES;
				MARKETING_VERSION = 1.0;
				PRODUCT_BUNDLE_IDENTIFIER = Iulian.ContactsUITests;
				PRODUCT_NAME = "$(TARGET_NAME)";
				SWIFT_EMIT_LOC_STRINGS = NO;
				SWIFT_VERSION = 5.0;
				TARGETED_DEVICE_FAMILY = "1,2";
				TEST_TARGET_NAME = Contacts;
			};
			name = Debug;
		};
		BA8E6D352B297DF100A67844 /* Release */ = {
			isa = XCBuildConfiguration;
			baseConfigurationReference = A4AE127524DC399205227A85 /* Pods-Contacts-ContactsUITests.release.xcconfig */;
			buildSettings = {
				ALWAYS_EMBED_SWIFT_STANDARD_LIBRARIES = YES;
				CODE_SIGN_STYLE = Automatic;
				CURRENT_PROJECT_VERSION = 1;
				GENERATE_INFOPLIST_FILE = YES;
				MARKETING_VERSION = 1.0;
				PRODUCT_BUNDLE_IDENTIFIER = Iulian.ContactsUITests;
				PRODUCT_NAME = "$(TARGET_NAME)";
				SWIFT_EMIT_LOC_STRINGS = NO;
				SWIFT_VERSION = 5.0;
				TARGETED_DEVICE_FAMILY = "1,2";
				TEST_TARGET_NAME = Contacts;
			};
			name = Release;
		};
/* End XCBuildConfiguration section */

/* Begin XCConfigurationList section */
		BA8E6CFE2B297DEF00A67844 /* Build configuration list for PBXProject "Contacts" */ = {
			isa = XCConfigurationList;
			buildConfigurations = (
				BA8E6D2B2B297DF100A67844 /* Debug */,
				BA8E6D2C2B297DF100A67844 /* Release */,
			);
			defaultConfigurationIsVisible = 0;
			defaultConfigurationName = Release;
		};
		BA8E6D2D2B297DF100A67844 /* Build configuration list for PBXNativeTarget "Contacts" */ = {
			isa = XCConfigurationList;
			buildConfigurations = (
				BA8E6D2E2B297DF100A67844 /* Debug */,
				BA8E6D2F2B297DF100A67844 /* Release */,
			);
			defaultConfigurationIsVisible = 0;
			defaultConfigurationName = Release;
		};
		BA8E6D302B297DF100A67844 /* Build configuration list for PBXNativeTarget "ContactsTests" */ = {
			isa = XCConfigurationList;
			buildConfigurations = (
				BA8E6D312B297DF100A67844 /* Debug */,
				BA8E6D322B297DF100A67844 /* Release */,
			);
			defaultConfigurationIsVisible = 0;
			defaultConfigurationName = Release;
		};
		BA8E6D332B297DF100A67844 /* Build configuration list for PBXNativeTarget "ContactsUITests" */ = {
			isa = XCConfigurationList;
			buildConfigurations = (
				BA8E6D342B297DF100A67844 /* Debug */,
				BA8E6D352B297DF100A67844 /* Release */,
			);
			defaultConfigurationIsVisible = 0;
			defaultConfigurationName = Release;
		};
/* End XCConfigurationList section */
	};
	rootObject = BA8E6CFB2B297DEF00A67844 /* Project object */;
}
